
Microsoft Visual Studio Solution File, Format Version 12.00
# Visual Studio Version 16
VisualStudioVersion = 16.0.30011.22
MinimumVisualStudioVersion = 10.0.40219.1
Project("{FAE04EC0-301F-11D3-BF4B-00C04F79EFBC}") = "API", "API\API.csproj", "{F27F4695-BF7D-43EC-BCB3-FD1CD85443E9}"
EndProject
Project("{FAE04EC0-301F-11D3-BF4B-00C04F79EFBC}") = "Data", "Data\Data.csproj", "{79654C0B-BEEB-46E9-AB98-1BEC49AD854A}"
EndProject
Project("{FAE04EC0-301F-11D3-BF4B-00C04F79EFBC}") = "Services", "Servicio\Services.csproj", "{DABCFB4B-99B6-4CDA-B724-8959850A4AC0}"
EndProject
Project("{FAE04EC0-301F-11D3-BF4B-00C04F79EFBC}") = "Repository", "Repository\Repository.csproj", "{663F9561-3601-4F78-B759-D283C980B9A5}"
EndProject
Global
	GlobalSection(SolutionConfigurationPlatforms) = preSolution
		Debug|Any CPU = Debug|Any CPU
		Release|Any CPU = Release|Any CPU
	EndGlobalSection
	GlobalSection(ProjectConfigurationPlatforms) = postSolution
		{F27F4695-BF7D-43EC-BCB3-FD1CD85443E9}.Debug|Any CPU.ActiveCfg = Debug|Any CPU
		{F27F4695-BF7D-43EC-BCB3-FD1CD85443E9}.Debug|Any CPU.Build.0 = Debug|Any CPU
		{F27F4695-BF7D-43EC-BCB3-FD1CD85443E9}.Release|Any CPU.ActiveCfg = Release|Any CPU
		{F27F4695-BF7D-43EC-BCB3-FD1CD85443E9}.Release|Any CPU.Build.0 = Release|Any CPU
		{79654C0B-BEEB-46E9-AB98-1BEC49AD854A}.Debug|Any CPU.ActiveCfg = Debug|Any CPU
		{79654C0B-BEEB-46E9-AB98-1BEC49AD854A}.Debug|Any CPU.Build.0 = Debug|Any CPU
		{79654C0B-BEEB-46E9-AB98-1BEC49AD854A}.Release|Any CPU.ActiveCfg = Release|Any CPU
		{79654C0B-BEEB-46E9-AB98-1BEC49AD854A}.Release|Any CPU.Build.0 = Release|Any CPU
		{DABCFB4B-99B6-4CDA-B724-8959850A4AC0}.Debug|Any CPU.ActiveCfg = Debug|Any CPU
		{DABCFB4B-99B6-4CDA-B724-8959850A4AC0}.Debug|Any CPU.Build.0 = Debug|Any CPU
		{DABCFB4B-99B6-4CDA-B724-8959850A4AC0}.Release|Any CPU.ActiveCfg = Release|Any CPU
		{DABCFB4B-99B6-4CDA-B724-8959850A4AC0}.Release|Any CPU.Build.0 = Release|Any CPU
		{663F9561-3601-4F78-B759-D283C980B9A5}.Debug|Any CPU.ActiveCfg = Debug|Any CPU
		{663F9561-3601-4F78-B759-D283C980B9A5}.Debug|Any CPU.Build.0 = Debug|Any CPU
		{663F9561-3601-4F78-B759-D283C980B9A5}.Release|Any CPU.ActiveCfg = Release|Any CPU
		{663F9561-3601-4F78-B759-D283C980B9A5}.Release|Any CPU.Build.0 = Release|Any CPU
	EndGlobalSection
	GlobalSection(SolutionProperties) = preSolution
		HideSolutionNode = FALSE
	EndGlobalSection
	GlobalSection(ExtensibilityGlobals) = postSolution
		SolutionGuid = {6B6B6BE7-9D61-4D35-B079-9E0A71BF1D66}
	EndGlobalSection
EndGlobal
